
Microsoft Visual Studio Solution File, Format Version 12.00
# Visual Studio Version 17
VisualStudioVersion = 17.3.32811.315
MinimumVisualStudioVersion = 10.0.40219.1
Project("{FAE04EC0-301F-11D3-BF4B-00C04F79EFBC}") = "TahananAPI.API", "TahananAPI.API\TahananAPI.API.csproj", "{AC930403-058C-4B55-9C94-0CD1FB079E58}"
EndProject
Project("{FAE04EC0-301F-11D3-BF4B-00C04F79EFBC}") = "TahananAPI.Business", "TahananAPI.Business\TahananAPI.Business.csproj", "{06A924D1-F279-4ADF-A975-6242AE09B6B4}"
EndProject
Project("{FAE04EC0-301F-11D3-BF4B-00C04F79EFBC}") = "TahananAPI.Data", "TahananAPI.Data\TahananAPI.Data.csproj", "{30F017A5-4B81-4221-8878-20B829C1CD36}"
EndProject
Project("{2150E333-8FDC-42A3-9474-1A3956D46DE8}") = "common", "common", "{EC0358C3-D4A0-4995-9888-0A2B34091D02}"
EndProject
Project("{FAE04EC0-301F-11D3-BF4B-00C04F79EFBC}") = "common", "common\common.csproj", "{AF1A3CB3-2987-435B-9CB1-0E72D0B6590A}"
EndProject
Project("{2150E333-8FDC-42A3-9474-1A3956D46DE8}") = "TahananAPI", "TahananAPI", "{39D11521-4EDD-4443-9DB2-16DE3D1FD190}"
EndProject
Project("{2150E333-8FDC-42A3-9474-1A3956D46DE8}") = "Solution Items", "Solution Items", "{8EC462FD-D22E-90A8-E5CE-7E832BA40C5D}"
	ProjectSection(SolutionItems) = preProject
		.gitignore = .gitignore
	EndProjectSection
EndProject
Global
	GlobalSection(SolutionConfigurationPlatforms) = preSolution
		Debug|Any CPU = Debug|Any CPU
		Release|Any CPU = Release|Any CPU
	EndGlobalSection
	GlobalSection(ProjectConfigurationPlatforms) = postSolution
		{AC930403-058C-4B55-9C94-0CD1FB079E58}.Debug|Any CPU.ActiveCfg = Debug|Any CPU
		{AC930403-058C-4B55-9C94-0CD1FB079E58}.Debug|Any CPU.Build.0 = Debug|Any CPU
		{AC930403-058C-4B55-9C94-0CD1FB079E58}.Release|Any CPU.ActiveCfg = Release|Any CPU
		{AC930403-058C-4B55-9C94-0CD1FB079E58}.Release|Any CPU.Build.0 = Release|Any CPU
		{06A924D1-F279-4ADF-A975-6242AE09B6B4}.Debug|Any CPU.ActiveCfg = Debug|Any CPU
		{06A924D1-F279-4ADF-A975-6242AE09B6B4}.Debug|Any CPU.Build.0 = Debug|Any CPU
		{06A924D1-F279-4ADF-A975-6242AE09B6B4}.Release|Any CPU.ActiveCfg = Release|Any CPU
		{06A924D1-F279-4ADF-A975-6242AE09B6B4}.Release|Any CPU.Build.0 = Release|Any CPU
		{30F017A5-4B81-4221-8878-20B829C1CD36}.Debug|Any CPU.ActiveCfg = Debug|Any CPU
		{30F017A5-4B81-4221-8878-20B829C1CD36}.Debug|Any CPU.Build.0 = Debug|Any CPU
		{30F017A5-4B81-4221-8878-20B829C1CD36}.Release|Any CPU.ActiveCfg = Release|Any CPU
		{30F017A5-4B81-4221-8878-20B829C1CD36}.Release|Any CPU.Build.0 = Release|Any CPU
		{AF1A3CB3-2987-435B-9CB1-0E72D0B6590A}.Debug|Any CPU.ActiveCfg = Debug|Any CPU
		{AF1A3CB3-2987-435B-9CB1-0E72D0B6590A}.Debug|Any CPU.Build.0 = Debug|Any CPU
		{AF1A3CB3-2987-435B-9CB1-0E72D0B6590A}.Release|Any CPU.ActiveCfg = Release|Any CPU
		{AF1A3CB3-2987-435B-9CB1-0E72D0B6590A}.Release|Any CPU.Build.0 = Release|Any CPU
	EndGlobalSection
	GlobalSection(SolutionProperties) = preSolution
		HideSolutionNode = FALSE
	EndGlobalSection
	GlobalSection(NestedProjects) = preSolution
		{AC930403-058C-4B55-9C94-0CD1FB079E58} = {39D11521-4EDD-4443-9DB2-16DE3D1FD190}
		{06A924D1-F279-4ADF-A975-6242AE09B6B4} = {39D11521-4EDD-4443-9DB2-16DE3D1FD190}
		{30F017A5-4B81-4221-8878-20B829C1CD36} = {39D11521-4EDD-4443-9DB2-16DE3D1FD190}
		{AF1A3CB3-2987-435B-9CB1-0E72D0B6590A} = {EC0358C3-D4A0-4995-9888-0A2B34091D02}
	EndGlobalSection
	GlobalSection(ExtensibilityGlobals) = postSolution
		SolutionGuid = {5B1D03FB-68BC-4CB6-8687-40C91498F7E3}
	EndGlobalSection
EndGlobal
